
Microsoft Visual Studio Solution File, Format Version 12.00
# Visual Studio Version 17
VisualStudioVersion = 17.4.33403.182
MinimumVisualStudioVersion = 10.0.40219.1
Project("{FAE04EC0-301F-11D3-BF4B-00C04F79EFBC}") = "Aadhar1", "Aadhar1\Aadhar1.csproj", "{7EC83EF5-898F-46E8-B753-D2DB789127B4}"
EndProject
Global
	GlobalSection(SolutionConfigurationPlatforms) = preSolution
		Debug|Any CPU = Debug|Any CPU
		Release|Any CPU = Release|Any CPU
	EndGlobalSection
	GlobalSection(ProjectConfigurationPlatforms) = postSolution
		{7EC83EF5-898F-46E8-B753-D2DB789127B4}.Debug|Any CPU.ActiveCfg = Debug|Any CPU
		{7EC83EF5-898F-46E8-B753-D2DB789127B4}.Debug|Any CPU.Build.0 = Debug|Any CPU
		{7EC83EF5-898F-46E8-B753-D2DB789127B4}.Release|Any CPU.ActiveCfg = Release|Any CPU
		{7EC83EF5-898F-46E8-B753-D2DB789127B4}.Release|Any CPU.Build.0 = Release|Any CPU
	EndGlobalSection
	GlobalSection(SolutionProperties) = preSolution
		HideSolutionNode = FALSE
	EndGlobalSection
	GlobalSection(ExtensibilityGlobals) = postSolution
		SolutionGuid = {B0C4407E-D631-464D-B76C-6BB27EDCD0D5}
	EndGlobalSection
EndGlobal
